
Microsoft Visual Studio Solution File, Format Version 12.00
# Visual Studio 15
VisualStudioVersion = 15.0.28307.329
MinimumVisualStudioVersion = 10.0.40219.1
Project("{FAE04EC0-301F-11D3-BF4B-00C04F79EFBC}") = "EffortBug.Domain", "EffortBug.Domain\EffortBug.Domain.csproj", "{9C521559-8E4A-4252-B452-BEAFF2B1C880}"
EndProject
Project("{FAE04EC0-301F-11D3-BF4B-00C04F79EFBC}") = "EffortBug.UnitTests", "EffortBug.UnitTests\EffortBug.UnitTests.csproj", "{30271E2E-EF08-4454-ABEA-5BAE63E51BCE}"
EndProject
Global
	GlobalSection(SolutionConfigurationPlatforms) = preSolution
		Debug|Any CPU = Debug|Any CPU
		Release|Any CPU = Release|Any CPU
	EndGlobalSection
	GlobalSection(ProjectConfigurationPlatforms) = postSolution
		{9C521559-8E4A-4252-B452-BEAFF2B1C880}.Debug|Any CPU.ActiveCfg = Debug|Any CPU
		{9C521559-8E4A-4252-B452-BEAFF2B1C880}.Debug|Any CPU.Build.0 = Debug|Any CPU
		{9C521559-8E4A-4252-B452-BEAFF2B1C880}.Release|Any CPU.ActiveCfg = Release|Any CPU
		{9C521559-8E4A-4252-B452-BEAFF2B1C880}.Release|Any CPU.Build.0 = Release|Any CPU
		{30271E2E-EF08-4454-ABEA-5BAE63E51BCE}.Debug|Any CPU.ActiveCfg = Debug|Any CPU
		{30271E2E-EF08-4454-ABEA-5BAE63E51BCE}.Debug|Any CPU.Build.0 = Debug|Any CPU
		{30271E2E-EF08-4454-ABEA-5BAE63E51BCE}.Release|Any CPU.ActiveCfg = Release|Any CPU
		{30271E2E-EF08-4454-ABEA-5BAE63E51BCE}.Release|Any CPU.Build.0 = Release|Any CPU
	EndGlobalSection
	GlobalSection(SolutionProperties) = preSolution
		HideSolutionNode = FALSE
	EndGlobalSection
	GlobalSection(ExtensibilityGlobals) = postSolution
		SolutionGuid = {18FC233F-5628-4844-972D-2014100F0C11}
	EndGlobalSection
EndGlobal
